
Microsoft Visual Studio Solution File, Format Version 12.00
# Visual Studio Version 16
VisualStudioVersion = 16.0.30907.101
MinimumVisualStudioVersion = 10.0.40219.1
Project("{FAE04EC0-301F-11D3-BF4B-00C04F79EFBC}") = "CompanyDashboard", "CompanyDashboard\CompanyDashboard.csproj", "{79AEBB68-C757-4BAC-84FF-90BC929C7C11}"
EndProject
Global
	GlobalSection(SolutionConfigurationPlatforms) = preSolution
		Debug|Any CPU = Debug|Any CPU
		Release|Any CPU = Release|Any CPU
	EndGlobalSection
	GlobalSection(ProjectConfigurationPlatforms) = postSolution
		{79AEBB68-C757-4BAC-84FF-90BC929C7C11}.Debug|Any CPU.ActiveCfg = Debug|Any CPU
		{79AEBB68-C757-4BAC-84FF-90BC929C7C11}.Debug|Any CPU.Build.0 = Debug|Any CPU
		{79AEBB68-C757-4BAC-84FF-90BC929C7C11}.Release|Any CPU.ActiveCfg = Release|Any CPU
		{79AEBB68-C757-4BAC-84FF-90BC929C7C11}.Release|Any CPU.Build.0 = Release|Any CPU
	EndGlobalSection
	GlobalSection(SolutionProperties) = preSolution
		HideSolutionNode = FALSE
	EndGlobalSection
	GlobalSection(ExtensibilityGlobals) = postSolution
		SolutionGuid = {FF62BDFE-638E-454A-B507-6E922EDA7585}
	EndGlobalSection
EndGlobal
